
Microsoft Visual Studio Solution File, Format Version 12.00
# Visual Studio Version 16
VisualStudioVersion = 16.0.31019.35
MinimumVisualStudioVersion = 10.0.40219.1
Project("{9A19103F-16F7-4668-BE54-9A1E7A4F7556}") = "DataAccess", "DataAccess\DataAccess.csproj", "{BF9A88BA-CD00-4E3E-9526-ED9C3EEEA0E6}"
EndProject
Project("{9A19103F-16F7-4668-BE54-9A1E7A4F7556}") = "Entities", "Entities\Entities.csproj", "{EE215E30-67B5-4033-8CC6-C899D2E63837}"
EndProject
Project("{9A19103F-16F7-4668-BE54-9A1E7A4F7556}") = "Business", "Business\Business.csproj", "{02AD45DC-E164-4F9F-9CC6-8EE60AA315A7}"
EndProject
Project("{9A19103F-16F7-4668-BE54-9A1E7A4F7556}") = "ConsoleUI", "ConsoleUI\ConsoleUI.csproj", "{EFC31674-AD10-4337-AA0D-3C73517F944B}"
EndProject
Project("{9A19103F-16F7-4668-BE54-9A1E7A4F7556}") = "Core", "Core\Core.csproj", "{66DB7D24-9C56-4319-9370-734F41EBA71B}"
EndProject
Project("{FAE04EC0-301F-11D3-BF4B-00C04F79EFBC}") = "WebAPI", "WebAPI\WebAPI.csproj", "{664A43D4-9557-46D7-A43D-DD61799B5B0A}"
EndProject
Global
	GlobalSection(SolutionConfigurationPlatforms) = preSolution
		Debug|Any CPU = Debug|Any CPU
		Release|Any CPU = Release|Any CPU
	EndGlobalSection
	GlobalSection(ProjectConfigurationPlatforms) = postSolution
		{BF9A88BA-CD00-4E3E-9526-ED9C3EEEA0E6}.Debug|Any CPU.ActiveCfg = Debug|Any CPU
		{BF9A88BA-CD00-4E3E-9526-ED9C3EEEA0E6}.Debug|Any CPU.Build.0 = Debug|Any CPU
		{BF9A88BA-CD00-4E3E-9526-ED9C3EEEA0E6}.Release|Any CPU.ActiveCfg = Release|Any CPU
		{BF9A88BA-CD00-4E3E-9526-ED9C3EEEA0E6}.Release|Any CPU.Build.0 = Release|Any CPU
		{EE215E30-67B5-4033-8CC6-C899D2E63837}.Debug|Any CPU.ActiveCfg = Debug|Any CPU
		{EE215E30-67B5-4033-8CC6-C899D2E63837}.Debug|Any CPU.Build.0 = Debug|Any CPU
		{EE215E30-67B5-4033-8CC6-C899D2E63837}.Release|Any CPU.ActiveCfg = Release|Any CPU
		{EE215E30-67B5-4033-8CC6-C899D2E63837}.Release|Any CPU.Build.0 = Release|Any CPU
		{02AD45DC-E164-4F9F-9CC6-8EE60AA315A7}.Debug|Any CPU.ActiveCfg = Debug|Any CPU
		{02AD45DC-E164-4F9F-9CC6-8EE60AA315A7}.Debug|Any CPU.Build.0 = Debug|Any CPU
		{02AD45DC-E164-4F9F-9CC6-8EE60AA315A7}.Release|Any CPU.ActiveCfg = Release|Any CPU
		{02AD45DC-E164-4F9F-9CC6-8EE60AA315A7}.Release|Any CPU.Build.0 = Release|Any CPU
		{EFC31674-AD10-4337-AA0D-3C73517F944B}.Debug|Any CPU.ActiveCfg = Debug|Any CPU
		{EFC31674-AD10-4337-AA0D-3C73517F944B}.Debug|Any CPU.Build.0 = Debug|Any CPU
		{EFC31674-AD10-4337-AA0D-3C73517F944B}.Release|Any CPU.ActiveCfg = Release|Any CPU
		{EFC31674-AD10-4337-AA0D-3C73517F944B}.Release|Any CPU.Build.0 = Release|Any CPU
		{66DB7D24-9C56-4319-9370-734F41EBA71B}.Debug|Any CPU.ActiveCfg = Debug|Any CPU
		{66DB7D24-9C56-4319-9370-734F41EBA71B}.Debug|Any CPU.Build.0 = Debug|Any CPU
		{66DB7D24-9C56-4319-9370-734F41EBA71B}.Release|Any CPU.ActiveCfg = Release|Any CPU
		{66DB7D24-9C56-4319-9370-734F41EBA71B}.Release|Any CPU.Build.0 = Release|Any CPU
		{664A43D4-9557-46D7-A43D-DD61799B5B0A}.Debug|Any CPU.ActiveCfg = Debug|Any CPU
		{664A43D4-9557-46D7-A43D-DD61799B5B0A}.Debug|Any CPU.Build.0 = Debug|Any CPU
		{664A43D4-9557-46D7-A43D-DD61799B5B0A}.Release|Any CPU.ActiveCfg = Release|Any CPU
		{664A43D4-9557-46D7-A43D-DD61799B5B0A}.Release|Any CPU.Build.0 = Release|Any CPU
	EndGlobalSection
	GlobalSection(SolutionProperties) = preSolution
		HideSolutionNode = FALSE
	EndGlobalSection
	GlobalSection(ExtensibilityGlobals) = postSolution
		SolutionGuid = {1852C158-8362-4351-8D6C-71E7950E9C98}
	EndGlobalSection
EndGlobal
